
Microsoft Visual Studio Solution File, Format Version 12.00
# Visual Studio Version 17
VisualStudioVersion = 17.9.34622.214
MinimumVisualStudioVersion = 10.0.40219.1
Project("{FAE04EC0-301F-11D3-BF4B-00C04F79EFBC}") = "Q1-Assessment07-03-2024", "Q1-Assessment07-03-2024\Q1-Assessment07-03-2024.csproj", "{FFD1AD5D-D5C4-44F2-9E4E-E3E41BB91A57}"
EndProject
Global
	GlobalSection(SolutionConfigurationPlatforms) = preSolution
		Debug|Any CPU = Debug|Any CPU
		Release|Any CPU = Release|Any CPU
	EndGlobalSection
	GlobalSection(ProjectConfigurationPlatforms) = postSolution
		{FFD1AD5D-D5C4-44F2-9E4E-E3E41BB91A57}.Debug|Any CPU.ActiveCfg = Debug|Any CPU
		{FFD1AD5D-D5C4-44F2-9E4E-E3E41BB91A57}.Debug|Any CPU.Build.0 = Debug|Any CPU
		{FFD1AD5D-D5C4-44F2-9E4E-E3E41BB91A57}.Release|Any CPU.ActiveCfg = Release|Any CPU
		{FFD1AD5D-D5C4-44F2-9E4E-E3E41BB91A57}.Release|Any CPU.Build.0 = Release|Any CPU
	EndGlobalSection
	GlobalSection(SolutionProperties) = preSolution
		HideSolutionNode = FALSE
	EndGlobalSection
	GlobalSection(ExtensibilityGlobals) = postSolution
		SolutionGuid = {8A4FB096-AAC8-4B6F-87FF-046578B06C7F}
	EndGlobalSection
EndGlobal
