
Microsoft Visual Studio Solution File, Format Version 12.00
# Visual Studio Version 17
VisualStudioVersion = 17.9.34622.214
MinimumVisualStudioVersion = 10.0.40219.1
Project("{FAE04EC0-301F-11D3-BF4B-00C04F79EFBC}") = "Q3_Assessment07-03-2024", "Q3_Assessment07-03-2024\Q3_Assessment07-03-2024.csproj", "{B6249558-7AEB-45D1-9711-CEFC3C44FBBC}"
EndProject
Global
	GlobalSection(SolutionConfigurationPlatforms) = preSolution
		Debug|Any CPU = Debug|Any CPU
		Release|Any CPU = Release|Any CPU
	EndGlobalSection
	GlobalSection(ProjectConfigurationPlatforms) = postSolution
		{B6249558-7AEB-45D1-9711-CEFC3C44FBBC}.Debug|Any CPU.ActiveCfg = Debug|Any CPU
		{B6249558-7AEB-45D1-9711-CEFC3C44FBBC}.Debug|Any CPU.Build.0 = Debug|Any CPU
		{B6249558-7AEB-45D1-9711-CEFC3C44FBBC}.Release|Any CPU.ActiveCfg = Release|Any CPU
		{B6249558-7AEB-45D1-9711-CEFC3C44FBBC}.Release|Any CPU.Build.0 = Release|Any CPU
	EndGlobalSection
	GlobalSection(SolutionProperties) = preSolution
		HideSolutionNode = FALSE
	EndGlobalSection
	GlobalSection(ExtensibilityGlobals) = postSolution
		SolutionGuid = {FA5769A5-62FB-4C15-B643-A3BFF85E342F}
	EndGlobalSection
EndGlobal
